
Microsoft Visual Studio Solution File, Format Version 12.00
# Visual Studio 15
VisualStudioVersion = 15.0.27703.2035
MinimumVisualStudioVersion = 10.0.40219.1
Project("{FAE04EC0-301F-11D3-BF4B-00C04F79EFBC}") = "FirstApp.Android", "FirstApp\FirstApp.Android\FirstApp.Android.csproj", "{6065B86C-E759-4261-9802-6EC4EDE70E97}"
EndProject
Project("{FAE04EC0-301F-11D3-BF4B-00C04F79EFBC}") = "FirstApp.iOS", "FirstApp\FirstApp.iOS\FirstApp.iOS.csproj", "{8C4E84BF-65C0-4F7A-BCB2-31C26B992F9D}"
EndProject
Project("{FAE04EC0-301F-11D3-BF4B-00C04F79EFBC}") = "FirstApp.UWP", "FirstApp\FirstApp.UWP\FirstApp.UWP.csproj", "{2A3D4272-6498-4920-97CF-A0E1775767B5}"
EndProject
Project("{FAE04EC0-301F-11D3-BF4B-00C04F79EFBC}") = "FirstApp", "FirstApp\FirstApp\FirstApp.csproj", "{FAC10D84-FFA3-43B6-9101-DEC84887AFA1}"
EndProject
Global
	GlobalSection(SolutionConfigurationPlatforms) = preSolution
		Ad-Hoc|Any CPU = Ad-Hoc|Any CPU
		Ad-Hoc|ARM = Ad-Hoc|ARM
		Ad-Hoc|iPhone = Ad-Hoc|iPhone
		Ad-Hoc|iPhoneSimulator = Ad-Hoc|iPhoneSimulator
		Ad-Hoc|x64 = Ad-Hoc|x64
		Ad-Hoc|x86 = Ad-Hoc|x86
		AppStore|Any CPU = AppStore|Any CPU
		AppStore|ARM = AppStore|ARM
		AppStore|iPhone = AppStore|iPhone
		AppStore|iPhoneSimulator = AppStore|iPhoneSimulator
		AppStore|x64 = AppStore|x64
		AppStore|x86 = AppStore|x86
		Debug|Any CPU = Debug|Any CPU
		Debug|ARM = Debug|ARM
		Debug|iPhone = Debug|iPhone
		Debug|iPhoneSimulator = Debug|iPhoneSimulator
		Debug|x64 = Debug|x64
		Debug|x86 = Debug|x86
		Release|Any CPU = Release|Any CPU
		Release|ARM = Release|ARM
		Release|iPhone = Release|iPhone
		Release|iPhoneSimulator = Release|iPhoneSimulator
		Release|x64 = Release|x64
		Release|x86 = Release|x86
	EndGlobalSection
	GlobalSection(ProjectConfigurationPlatforms) = postSolution
		{6065B86C-E759-4261-9802-6EC4EDE70E97}.Ad-Hoc|Any CPU.ActiveCfg = Release|Any CPU
		{6065B86C-E759-4261-9802-6EC4EDE70E97}.Ad-Hoc|Any CPU.Build.0 = Release|Any CPU
		{6065B86C-E759-4261-9802-6EC4EDE70E97}.Ad-Hoc|Any CPU.Deploy.0 = Release|Any CPU
		{6065B86C-E759-4261-9802-6EC4EDE70E97}.Ad-Hoc|ARM.ActiveCfg = Release|Any CPU
		{6065B86C-E759-4261-9802-6EC4EDE70E97}.Ad-Hoc|ARM.Build.0 = Release|Any CPU
		{6065B86C-E759-4261-9802-6EC4EDE70E97}.Ad-Hoc|ARM.Deploy.0 = Release|Any CPU
		{6065B86C-E759-4261-9802-6EC4EDE70E97}.Ad-Hoc|iPhone.ActiveCfg = Release|Any CPU
		{6065B86C-E759-4261-9802-6EC4EDE70E97}.Ad-Hoc|iPhone.Build.0 = Release|Any CPU
		{6065B86C-E759-4261-9802-6EC4EDE70E97}.Ad-Hoc|iPhone.Deploy.0 = Release|Any CPU
		{6065B86C-E759-4261-9802-6EC4EDE70E97}.Ad-Hoc|iPhoneSimulator.ActiveCfg = Release|Any CPU
		{6065B86C-E759-4261-9802-6EC4EDE70E97}.Ad-Hoc|iPhoneSimulator.Build.0 = Release|Any CPU
		{6065B86C-E759-4261-9802-6EC4EDE70E97}.Ad-Hoc|iPhoneSimulator.Deploy.0 = Release|Any CPU
		{6065B86C-E759-4261-9802-6EC4EDE70E97}.Ad-Hoc|x64.ActiveCfg = Release|Any CPU
		{6065B86C-E759-4261-9802-6EC4EDE70E97}.Ad-Hoc|x64.Build.0 = Release|Any CPU
		{6065B86C-E759-4261-9802-6EC4EDE70E97}.Ad-Hoc|x64.Deploy.0 = Release|Any CPU
		{6065B86C-E759-4261-9802-6EC4EDE70E97}.Ad-Hoc|x86.ActiveCfg = Release|Any CPU
		{6065B86C-E759-4261-9802-6EC4EDE70E97}.Ad-Hoc|x86.Build.0 = Release|Any CPU
		{6065B86C-E759-4261-9802-6EC4EDE70E97}.Ad-Hoc|x86.Deploy.0 = Release|Any CPU
		{6065B86C-E759-4261-9802-6EC4EDE70E97}.AppStore|Any CPU.ActiveCfg = Release|Any CPU
		{6065B86C-E759-4261-9802-6EC4EDE70E97}.AppStore|Any CPU.Build.0 = Release|Any CPU
		{6065B86C-E759-4261-9802-6EC4EDE70E97}.AppStore|Any CPU.Deploy.0 = Release|Any CPU
		{6065B86C-E759-4261-9802-6EC4EDE70E97}.AppStore|ARM.ActiveCfg = Release|Any CPU
		{6065B86C-E759-4261-9802-6EC4EDE70E97}.AppStore|ARM.Build.0 = Release|Any CPU
		{6065B86C-E759-4261-9802-6EC4EDE70E97}.AppStore|ARM.Deploy.0 = Release|Any CPU
		{6065B86C-E759-4261-9802-6EC4EDE70E97}.AppStore|iPhone.ActiveCfg = Release|Any CPU
		{6065B86C-E759-4261-9802-6EC4EDE70E97}.AppStore|iPhone.Build.0 = Release|Any CPU
		{6065B86C-E759-4261-9802-6EC4EDE70E97}.AppStore|iPhone.Deploy.0 = Release|Any CPU
		{6065B86C-E759-4261-9802-6EC4EDE70E97}.AppStore|iPhoneSimulator.ActiveCfg = Release|Any CPU
		{6065B86C-E759-4261-9802-6EC4EDE70E97}.AppStore|iPhoneSimulator.Build.0 = Release|Any CPU
		{6065B86C-E759-4261-9802-6EC4EDE70E97}.AppStore|iPhoneSimulator.Deploy.0 = Release|Any CPU
		{6065B86C-E759-4261-9802-6EC4EDE70E97}.AppStore|x64.ActiveCfg = Release|Any CPU
		{6065B86C-E759-4261-9802-6EC4EDE70E97}.AppStore|x64.Build.0 = Release|Any CPU
		{6065B86C-E759-4261-9802-6EC4EDE70E97}.AppStore|x64.Deploy.0 = Release|Any CPU
		{6065B86C-E759-4261-9802-6EC4EDE70E97}.AppStore|x86.ActiveCfg = Release|Any CPU
		{6065B86C-E759-4261-9802-6EC4EDE70E97}.AppStore|x86.Build.0 = Release|Any CPU
		{6065B86C-E759-4261-9802-6EC4EDE70E97}.AppStore|x86.Deploy.0 = Release|Any CPU
		{6065B86C-E759-4261-9802-6EC4EDE70E97}.Debug|Any CPU.ActiveCfg = Debug|Any CPU
		{6065B86C-E759-4261-9802-6EC4EDE70E97}.Debug|Any CPU.Build.0 = Debug|Any CPU
		{6065B86C-E759-4261-9802-6EC4EDE70E97}.Debug|Any CPU.Deploy.0 = Debug|Any CPU
		{6065B86C-E759-4261-9802-6EC4EDE70E97}.Debug|ARM.ActiveCfg = Debug|Any CPU
		{6065B86C-E759-4261-9802-6EC4EDE70E97}.Debug|ARM.Build.0 = Debug|Any CPU
		{6065B86C-E759-4261-9802-6EC4EDE70E97}.Debug|ARM.Deploy.0 = Debug|Any CPU
		{6065B86C-E759-4261-9802-6EC4EDE70E97}.Debug|iPhone.ActiveCfg = Debug|Any CPU
		{6065B86C-E759-4261-9802-6EC4EDE70E97}.Debug|iPhone.Build.0 = Debug|Any CPU
		{6065B86C-E759-4261-9802-6EC4EDE70E97}.Debug|iPhone.Deploy.0 = Debug|Any CPU
		{6065B86C-E759-4261-9802-6EC4EDE70E97}.Debug|iPhoneSimulator.ActiveCfg = Debug|Any CPU
		{6065B86C-E759-4261-9802-6EC4EDE70E97}.Debug|iPhoneSimulator.Build.0 = Debug|Any CPU
		{6065B86C-E759-4261-9802-6EC4EDE70E97}.Debug|iPhoneSimulator.Deploy.0 = Debug|Any CPU
		{6065B86C-E759-4261-9802-6EC4EDE70E97}.Debug|x64.ActiveCfg = Debug|Any CPU
		{6065B86C-E759-4261-9802-6EC4EDE70E97}.Debug|x64.Build.0 = Debug|Any CPU
		{6065B86C-E759-4261-9802-6EC4EDE70E97}.Debug|x64.Deploy.0 = Debug|Any CPU
		{6065B86C-E759-4261-9802-6EC4EDE70E97}.Debug|x86.ActiveCfg = Debug|Any CPU
		{6065B86C-E759-4261-9802-6EC4EDE70E97}.Debug|x86.Build.0 = Debug|Any CPU
		{6065B86C-E759-4261-9802-6EC4EDE70E97}.Debug|x86.Deploy.0 = Debug|Any CPU
		{6065B86C-E759-4261-9802-6EC4EDE70E97}.Release|Any CPU.ActiveCfg = Release|Any CPU
		{6065B86C-E759-4261-9802-6EC4EDE70E97}.Release|Any CPU.Build.0 = Release|Any CPU
		{6065B86C-E759-4261-9802-6EC4EDE70E97}.Release|Any CPU.Deploy.0 = Release|Any CPU
		{6065B86C-E759-4261-9802-6EC4EDE70E97}.Release|ARM.ActiveCfg = Release|Any CPU
		{6065B86C-E759-4261-9802-6EC4EDE70E97}.Release|ARM.Build.0 = Release|Any CPU
		{6065B86C-E759-4261-9802-6EC4EDE70E97}.Release|ARM.Deploy.0 = Release|Any CPU
		{6065B86C-E759-4261-9802-6EC4EDE70E97}.Release|iPhone.ActiveCfg = Release|Any CPU
		{6065B86C-E759-4261-9802-6EC4EDE70E97}.Release|iPhone.Build.0 = Release|Any CPU
		{6065B86C-E759-4261-9802-6EC4EDE70E97}.Release|iPhone.Deploy.0 = Release|Any CPU
		{6065B86C-E759-4261-9802-6EC4EDE70E97}.Release|iPhoneSimulator.ActiveCfg = Release|Any CPU
		{6065B86C-E759-4261-9802-6EC4EDE70E97}.Release|iPhoneSimulator.Build.0 = Release|Any CPU
		{6065B86C-E759-4261-9802-6EC4EDE70E97}.Release|iPhoneSimulator.Deploy.0 = Release|Any CPU
		{6065B86C-E759-4261-9802-6EC4EDE70E97}.Release|x64.ActiveCfg = Release|Any CPU
		{6065B86C-E759-4261-9802-6EC4EDE70E97}.Release|x64.Build.0 = Release|Any CPU
		{6065B86C-E759-4261-9802-6EC4EDE70E97}.Release|x64.Deploy.0 = Release|Any CPU
		{6065B86C-E759-4261-9802-6EC4EDE70E97}.Release|x86.ActiveCfg = Release|Any CPU
		{6065B86C-E759-4261-9802-6EC4EDE70E97}.Release|x86.Build.0 = Release|Any CPU
		{6065B86C-E759-4261-9802-6EC4EDE70E97}.Release|x86.Deploy.0 = Release|Any CPU
		{8C4E84BF-65C0-4F7A-BCB2-31C26B992F9D}.Ad-Hoc|Any CPU.ActiveCfg = Ad-Hoc|iPhone
		{8C4E84BF-65C0-4F7A-BCB2-31C26B992F9D}.Ad-Hoc|Any CPU.Build.0 = Ad-Hoc|iPhone
		{8C4E84BF-65C0-4F7A-BCB2-31C26B992F9D}.Ad-Hoc|Any CPU.Deploy.0 = Ad-Hoc|iPhone
		{8C4E84BF-65C0-4F7A-BCB2-31C26B992F9D}.Ad-Hoc|ARM.ActiveCfg = Ad-Hoc|iPhone
		{8C4E84BF-65C0-4F7A-BCB2-31C26B992F9D}.Ad-Hoc|ARM.Build.0 = Ad-Hoc|iPhone
		{8C4E84BF-65C0-4F7A-BCB2-31C26B992F9D}.Ad-Hoc|ARM.Deploy.0 = Ad-Hoc|iPhone
		{8C4E84BF-65C0-4F7A-BCB2-31C26B992F9D}.Ad-Hoc|iPhone.ActiveCfg = Ad-Hoc|iPhone
		{8C4E84BF-65C0-4F7A-BCB2-31C26B992F9D}.Ad-Hoc|iPhone.Build.0 = Ad-Hoc|iPhone
		{8C4E84BF-65C0-4F7A-BCB2-31C26B992F9D}.Ad-Hoc|iPhone.Deploy.0 = Ad-Hoc|iPhone
		{8C4E84BF-65C0-4F7A-BCB2-31C26B992F9D}.Ad-Hoc|iPhoneSimulator.ActiveCfg = Ad-Hoc|iPhoneSimulator
		{8C4E84BF-65C0-4F7A-BCB2-31C26B992F9D}.Ad-Hoc|iPhoneSimulator.Build.0 = Ad-Hoc|iPhoneSimulator
		{8C4E84BF-65C0-4F7A-BCB2-31C26B992F9D}.Ad-Hoc|iPhoneSimulator.Deploy.0 = Ad-Hoc|iPhoneSimulator
		{8C4E84BF-65C0-4F7A-BCB2-31C26B992F9D}.Ad-Hoc|x64.ActiveCfg = Ad-Hoc|iPhone
		{8C4E84BF-65C0-4F7A-BCB2-31C26B992F9D}.Ad-Hoc|x64.Build.0 = Ad-Hoc|iPhone
		{8C4E84BF-65C0-4F7A-BCB2-31C26B992F9D}.Ad-Hoc|x64.Deploy.0 = Ad-Hoc|iPhone
		{8C4E84BF-65C0-4F7A-BCB2-31C26B992F9D}.Ad-Hoc|x86.ActiveCfg = Ad-Hoc|iPhone
		{8C4E84BF-65C0-4F7A-BCB2-31C26B992F9D}.Ad-Hoc|x86.Build.0 = Ad-Hoc|iPhone
		{8C4E84BF-65C0-4F7A-BCB2-31C26B992F9D}.Ad-Hoc|x86.Deploy.0 = Ad-Hoc|iPhone
		{8C4E84BF-65C0-4F7A-BCB2-31C26B992F9D}.AppStore|Any CPU.ActiveCfg = AppStore|iPhone
		{8C4E84BF-65C0-4F7A-BCB2-31C26B992F9D}.AppStore|Any CPU.Build.0 = AppStore|iPhone
		{8C4E84BF-65C0-4F7A-BCB2-31C26B992F9D}.AppStore|Any CPU.Deploy.0 = AppStore|iPhone
		{8C4E84BF-65C0-4F7A-BCB2-31C26B992F9D}.AppStore|ARM.ActiveCfg = AppStore|iPhone
		{8C4E84BF-65C0-4F7A-BCB2-31C26B992F9D}.AppStore|ARM.Build.0 = AppStore|iPhone
		{8C4E84BF-65C0-4F7A-BCB2-31C26B992F9D}.AppStore|ARM.Deploy.0 = AppStore|iPhone
		{8C4E84BF-65C0-4F7A-BCB2-31C26B992F9D}.AppStore|iPhone.ActiveCfg = AppStore|iPhone
		{8C4E84BF-65C0-4F7A-BCB2-31C26B992F9D}.AppStore|iPhone.Build.0 = AppStore|iPhone
		{8C4E84BF-65C0-4F7A-BCB2-31C26B992F9D}.AppStore|iPhone.Deploy.0 = AppStore|iPhone
		{8C4E84BF-65C0-4F7A-BCB2-31C26B992F9D}.AppStore|iPhoneSimulator.ActiveCfg = AppStore|iPhoneSimulator
		{8C4E84BF-65C0-4F7A-BCB2-31C26B992F9D}.AppStore|iPhoneSimulator.Build.0 = AppStore|iPhoneSimulator
		{8C4E84BF-65C0-4F7A-BCB2-31C26B992F9D}.AppStore|iPhoneSimulator.Deploy.0 = AppStore|iPhoneSimulator
		{8C4E84BF-65C0-4F7A-BCB2-31C26B992F9D}.AppStore|x64.ActiveCfg = AppStore|iPhone
		{8C4E84BF-65C0-4F7A-BCB2-31C26B992F9D}.AppStore|x64.Build.0 = AppStore|iPhone
		{8C4E84BF-65C0-4F7A-BCB2-31C26B992F9D}.AppStore|x64.Deploy.0 = AppStore|iPhone
		{8C4E84BF-65C0-4F7A-BCB2-31C26B992F9D}.AppStore|x86.ActiveCfg = AppStore|iPhone
		{8C4E84BF-65C0-4F7A-BCB2-31C26B992F9D}.AppStore|x86.Build.0 = AppStore|iPhone
		{8C4E84BF-65C0-4F7A-BCB2-31C26B992F9D}.AppStore|x86.Deploy.0 = AppStore|iPhone
		{8C4E84BF-65C0-4F7A-BCB2-31C26B992F9D}.Debug|Any CPU.ActiveCfg = Debug|iPhoneSimulator
		{8C4E84BF-65C0-4F7A-BCB2-31C26B992F9D}.Debug|Any CPU.Build.0 = Debug|iPhoneSimulator
		{8C4E84BF-65C0-4F7A-BCB2-31C26B992F9D}.Debug|Any CPU.Deploy.0 = Debug|iPhoneSimulator
		{8C4E84BF-65C0-4F7A-BCB2-31C26B992F9D}.Debug|ARM.ActiveCfg = Debug|iPhone
		{8C4E84BF-65C0-4F7A-BCB2-31C26B992F9D}.Debug|ARM.Build.0 = Debug|iPhone
		{8C4E84BF-65C0-4F7A-BCB2-31C26B992F9D}.Debug|ARM.Deploy.0 = Debug|iPhone
		{8C4E84BF-65C0-4F7A-BCB2-31C26B992F9D}.Debug|iPhone.ActiveCfg = Debug|iPhone
		{8C4E84BF-65C0-4F7A-BCB2-31C26B992F9D}.Debug|iPhone.Build.0 = Debug|iPhone
		{8C4E84BF-65C0-4F7A-BCB2-31C26B992F9D}.Debug|iPhone.Deploy.0 = Debug|iPhone
		{8C4E84BF-65C0-4F7A-BCB2-31C26B992F9D}.Debug|iPhoneSimulator.ActiveCfg = Debug|iPhoneSimulator
		{8C4E84BF-65C0-4F7A-BCB2-31C26B992F9D}.Debug|iPhoneSimulator.Build.0 = Debug|iPhoneSimulator
		{8C4E84BF-65C0-4F7A-BCB2-31C26B992F9D}.Debug|iPhoneSimulator.Deploy.0 = Debug|iPhoneSimulator
		{8C4E84BF-65C0-4F7A-BCB2-31C26B992F9D}.Debug|x64.ActiveCfg = Debug|iPhone
		{8C4E84BF-65C0-4F7A-BCB2-31C26B992F9D}.Debug|x64.Build.0 = Debug|iPhone
		{8C4E84BF-65C0-4F7A-BCB2-31C26B992F9D}.Debug|x64.Deploy.0 = Debug|iPhone
		{8C4E84BF-65C0-4F7A-BCB2-31C26B992F9D}.Debug|x86.ActiveCfg = Debug|iPhone
		{8C4E84BF-65C0-4F7A-BCB2-31C26B992F9D}.Debug|x86.Build.0 = Debug|iPhone
		{8C4E84BF-65C0-4F7A-BCB2-31C26B992F9D}.Debug|x86.Deploy.0 = Debug|iPhone
		{8C4E84BF-65C0-4F7A-BCB2-31C26B992F9D}.Release|Any CPU.ActiveCfg = Release|iPhone
		{8C4E84BF-65C0-4F7A-BCB2-31C26B992F9D}.Release|Any CPU.Build.0 = Release|iPhone
		{8C4E84BF-65C0-4F7A-BCB2-31C26B992F9D}.Release|Any CPU.Deploy.0 = Release|iPhone
		{8C4E84BF-65C0-4F7A-BCB2-31C26B992F9D}.Release|ARM.ActiveCfg = Release|iPhone
		{8C4E84BF-65C0-4F7A-BCB2-31C26B992F9D}.Release|ARM.Build.0 = Release|iPhone
		{8C4E84BF-65C0-4F7A-BCB2-31C26B992F9D}.Release|ARM.Deploy.0 = Release|iPhone
		{8C4E84BF-65C0-4F7A-BCB2-31C26B992F9D}.Release|iPhone.ActiveCfg = Release|iPhone
		{8C4E84BF-65C0-4F7A-BCB2-31C26B992F9D}.Release|iPhone.Build.0 = Release|iPhone
		{8C4E84BF-65C0-4F7A-BCB2-31C26B992F9D}.Release|iPhone.Deploy.0 = Release|iPhone
		{8C4E84BF-65C0-4F7A-BCB2-31C26B992F9D}.Release|iPhoneSimulator.ActiveCfg = Release|iPhoneSimulator
		{8C4E84BF-65C0-4F7A-BCB2-31C26B992F9D}.Release|iPhoneSimulator.Build.0 = Release|iPhoneSimulator
		{8C4E84BF-65C0-4F7A-BCB2-31C26B992F9D}.Release|iPhoneSimulator.Deploy.0 = Release|iPhoneSimulator
		{8C4E84BF-65C0-4F7A-BCB2-31C26B992F9D}.Release|x64.ActiveCfg = Release|iPhone
		{8C4E84BF-65C0-4F7A-BCB2-31C26B992F9D}.Release|x64.Build.0 = Release|iPhone
		{8C4E84BF-65C0-4F7A-BCB2-31C26B992F9D}.Release|x64.Deploy.0 = Release|iPhone
		{8C4E84BF-65C0-4F7A-BCB2-31C26B992F9D}.Release|x86.ActiveCfg = Release|iPhone
		{8C4E84BF-65C0-4F7A-BCB2-31C26B992F9D}.Release|x86.Build.0 = Release|iPhone
		{8C4E84BF-65C0-4F7A-BCB2-31C26B992F9D}.Release|x86.Deploy.0 = Release|iPhone
		{2A3D4272-6498-4920-97CF-A0E1775767B5}.Ad-Hoc|Any CPU.ActiveCfg = Release|x86
		{2A3D4272-6498-4920-97CF-A0E1775767B5}.Ad-Hoc|Any CPU.Build.0 = Release|x86
		{2A3D4272-6498-4920-97CF-A0E1775767B5}.Ad-Hoc|Any CPU.Deploy.0 = Release|x86
		{2A3D4272-6498-4920-97CF-A0E1775767B5}.Ad-Hoc|ARM.ActiveCfg = Release|ARM
		{2A3D4272-6498-4920-97CF-A0E1775767B5}.Ad-Hoc|ARM.Build.0 = Release|ARM
		{2A3D4272-6498-4920-97CF-A0E1775767B5}.Ad-Hoc|ARM.Deploy.0 = Release|ARM
		{2A3D4272-6498-4920-97CF-A0E1775767B5}.Ad-Hoc|iPhone.ActiveCfg = Release|x86
		{2A3D4272-6498-4920-97CF-A0E1775767B5}.Ad-Hoc|iPhone.Build.0 = Release|x86
		{2A3D4272-6498-4920-97CF-A0E1775767B5}.Ad-Hoc|iPhone.Deploy.0 = Release|x86
		{2A3D4272-6498-4920-97CF-A0E1775767B5}.Ad-Hoc|iPhoneSimulator.ActiveCfg = Release|x86
		{2A3D4272-6498-4920-97CF-A0E1775767B5}.Ad-Hoc|iPhoneSimulator.Build.0 = Release|x86
		{2A3D4272-6498-4920-97CF-A0E1775767B5}.Ad-Hoc|iPhoneSimulator.Deploy.0 = Release|x86
		{2A3D4272-6498-4920-97CF-A0E1775767B5}.Ad-Hoc|x64.ActiveCfg = Release|x64
		{2A3D4272-6498-4920-97CF-A0E1775767B5}.Ad-Hoc|x64.Build.0 = Release|x64
		{2A3D4272-6498-4920-97CF-A0E1775767B5}.Ad-Hoc|x64.Deploy.0 = Release|x64
		{2A3D4272-6498-4920-97CF-A0E1775767B5}.Ad-Hoc|x86.ActiveCfg = Release|x86
		{2A3D4272-6498-4920-97CF-A0E1775767B5}.Ad-Hoc|x86.Build.0 = Release|x86
		{2A3D4272-6498-4920-97CF-A0E1775767B5}.Ad-Hoc|x86.Deploy.0 = Release|x86
		{2A3D4272-6498-4920-97CF-A0E1775767B5}.AppStore|Any CPU.ActiveCfg = Release|x86
		{2A3D4272-6498-4920-97CF-A0E1775767B5}.AppStore|Any CPU.Build.0 = Release|x86
		{2A3D4272-6498-4920-97CF-A0E1775767B5}.AppStore|Any CPU.Deploy.0 = Release|x86
		{2A3D4272-6498-4920-97CF-A0E1775767B5}.AppStore|ARM.ActiveCfg = Release|ARM
		{2A3D4272-6498-4920-97CF-A0E1775767B5}.AppStore|ARM.Build.0 = Release|ARM
		{2A3D4272-6498-4920-97CF-A0E1775767B5}.AppStore|ARM.Deploy.0 = Release|ARM
		{2A3D4272-6498-4920-97CF-A0E1775767B5}.AppStore|iPhone.ActiveCfg = Release|x86
		{2A3D4272-6498-4920-97CF-A0E1775767B5}.AppStore|iPhone.Build.0 = Release|x86
		{2A3D4272-6498-4920-97CF-A0E1775767B5}.AppStore|iPhone.Deploy.0 = Release|x86
		{2A3D4272-6498-4920-97CF-A0E1775767B5}.AppStore|iPhoneSimulator.ActiveCfg = Release|x86
		{2A3D4272-6498-4920-97CF-A0E1775767B5}.AppStore|iPhoneSimulator.Build.0 = Release|x86
		{2A3D4272-6498-4920-97CF-A0E1775767B5}.AppStore|iPhoneSimulator.Deploy.0 = Release|x86
		{2A3D4272-6498-4920-97CF-A0E1775767B5}.AppStore|x64.ActiveCfg = Release|x64
		{2A3D4272-6498-4920-97CF-A0E1775767B5}.AppStore|x64.Build.0 = Release|x64
		{2A3D4272-6498-4920-97CF-A0E1775767B5}.AppStore|x64.Deploy.0 = Release|x64
		{2A3D4272-6498-4920-97CF-A0E1775767B5}.AppStore|x86.ActiveCfg = Release|x86
		{2A3D4272-6498-4920-97CF-A0E1775767B5}.AppStore|x86.Build.0 = Release|x86
		{2A3D4272-6498-4920-97CF-A0E1775767B5}.AppStore|x86.Deploy.0 = Release|x86
		{2A3D4272-6498-4920-97CF-A0E1775767B5}.Debug|Any CPU.ActiveCfg = Debug|x86
		{2A3D4272-6498-4920-97CF-A0E1775767B5}.Debug|Any CPU.Build.0 = Debug|x86
		{2A3D4272-6498-4920-97CF-A0E1775767B5}.Debug|Any CPU.Deploy.0 = Debug|x86
		{2A3D4272-6498-4920-97CF-A0E1775767B5}.Debug|ARM.ActiveCfg = Debug|ARM
		{2A3D4272-6498-4920-97CF-A0E1775767B5}.Debug|ARM.Build.0 = Debug|ARM
		{2A3D4272-6498-4920-97CF-A0E1775767B5}.Debug|ARM.Deploy.0 = Debug|ARM
		{2A3D4272-6498-4920-97CF-A0E1775767B5}.Debug|iPhone.ActiveCfg = Debug|x86
		{2A3D4272-6498-4920-97CF-A0E1775767B5}.Debug|iPhone.Build.0 = Debug|x86
		{2A3D4272-6498-4920-97CF-A0E1775767B5}.Debug|iPhone.Deploy.0 = Debug|x86
		{2A3D4272-6498-4920-97CF-A0E1775767B5}.Debug|iPhoneSimulator.ActiveCfg = Debug|x86
		{2A3D4272-6498-4920-97CF-A0E1775767B5}.Debug|iPhoneSimulator.Build.0 = Debug|x86
		{2A3D4272-6498-4920-97CF-A0E1775767B5}.Debug|iPhoneSimulator.Deploy.0 = Debug|x86
		{2A3D4272-6498-4920-97CF-A0E1775767B5}.Debug|x64.ActiveCfg = Debug|x64
		{2A3D4272-6498-4920-97CF-A0E1775767B5}.Debug|x64.Build.0 = Debug|x64
		{2A3D4272-6498-4920-97CF-A0E1775767B5}.Debug|x64.Deploy.0 = Debug|x64
		{2A3D4272-6498-4920-97CF-A0E1775767B5}.Debug|x86.ActiveCfg = Debug|x86
		{2A3D4272-6498-4920-97CF-A0E1775767B5}.Debug|x86.Build.0 = Debug|x86
		{2A3D4272-6498-4920-97CF-A0E1775767B5}.Debug|x86.Deploy.0 = Debug|x86
		{2A3D4272-6498-4920-97CF-A0E1775767B5}.Release|Any CPU.ActiveCfg = Release|x86
		{2A3D4272-6498-4920-97CF-A0E1775767B5}.Release|Any CPU.Build.0 = Release|x86
		{2A3D4272-6498-4920-97CF-A0E1775767B5}.Release|Any CPU.Deploy.0 = Release|x86
		{2A3D4272-6498-4920-97CF-A0E1775767B5}.Release|ARM.ActiveCfg = Release|ARM
		{2A3D4272-6498-4920-97CF-A0E1775767B5}.Release|ARM.Build.0 = Release|ARM
		{2A3D4272-6498-4920-97CF-A0E1775767B5}.Release|ARM.Deploy.0 = Release|ARM
		{2A3D4272-6498-4920-97CF-A0E1775767B5}.Release|iPhone.ActiveCfg = Release|x86
		{2A3D4272-6498-4920-97CF-A0E1775767B5}.Release|iPhone.Build.0 = Release|x86
		{2A3D4272-6498-4920-97CF-A0E1775767B5}.Release|iPhone.Deploy.0 = Release|x86
		{2A3D4272-6498-4920-97CF-A0E1775767B5}.Release|iPhoneSimulator.ActiveCfg = Release|x86
		{2A3D4272-6498-4920-97CF-A0E1775767B5}.Release|iPhoneSimulator.Build.0 = Release|x86
		{2A3D4272-6498-4920-97CF-A0E1775767B5}.Release|iPhoneSimulator.Deploy.0 = Release|x86
		{2A3D4272-6498-4920-97CF-A0E1775767B5}.Release|x64.ActiveCfg = Release|x64
		{2A3D4272-6498-4920-97CF-A0E1775767B5}.Release|x64.Build.0 = Release|x64
		{2A3D4272-6498-4920-97CF-A0E1775767B5}.Release|x64.Deploy.0 = Release|x64
		{2A3D4272-6498-4920-97CF-A0E1775767B5}.Release|x86.ActiveCfg = Release|x86
		{2A3D4272-6498-4920-97CF-A0E1775767B5}.Release|x86.Build.0 = Release|x86
		{2A3D4272-6498-4920-97CF-A0E1775767B5}.Release|x86.Deploy.0 = Release|x86
		{FAC10D84-FFA3-43B6-9101-DEC84887AFA1}.Ad-Hoc|Any CPU.ActiveCfg = Debug|Any CPU
		{FAC10D84-FFA3-43B6-9101-DEC84887AFA1}.Ad-Hoc|Any CPU.Build.0 = Debug|Any CPU
		{FAC10D84-FFA3-43B6-9101-DEC84887AFA1}.Ad-Hoc|Any CPU.Deploy.0 = Debug|Any CPU
		{FAC10D84-FFA3-43B6-9101-DEC84887AFA1}.Ad-Hoc|ARM.ActiveCfg = Debug|Any CPU
		{FAC10D84-FFA3-43B6-9101-DEC84887AFA1}.Ad-Hoc|ARM.Build.0 = Debug|Any CPU
		{FAC10D84-FFA3-43B6-9101-DEC84887AFA1}.Ad-Hoc|ARM.Deploy.0 = Debug|Any CPU
		{FAC10D84-FFA3-43B6-9101-DEC84887AFA1}.Ad-Hoc|iPhone.ActiveCfg = Debug|Any CPU
		{FAC10D84-FFA3-43B6-9101-DEC84887AFA1}.Ad-Hoc|iPhone.Build.0 = Debug|Any CPU
		{FAC10D84-FFA3-43B6-9101-DEC84887AFA1}.Ad-Hoc|iPhone.Deploy.0 = Debug|Any CPU
		{FAC10D84-FFA3-43B6-9101-DEC84887AFA1}.Ad-Hoc|iPhoneSimulator.ActiveCfg = Debug|Any CPU
		{FAC10D84-FFA3-43B6-9101-DEC84887AFA1}.Ad-Hoc|iPhoneSimulator.Build.0 = Debug|Any CPU
		{FAC10D84-FFA3-43B6-9101-DEC84887AFA1}.Ad-Hoc|iPhoneSimulator.Deploy.0 = Debug|Any CPU
		{FAC10D84-FFA3-43B6-9101-DEC84887AFA1}.Ad-Hoc|x64.ActiveCfg = Debug|Any CPU
		{FAC10D84-FFA3-43B6-9101-DEC84887AFA1}.Ad-Hoc|x64.Build.0 = Debug|Any CPU
		{FAC10D84-FFA3-43B6-9101-DEC84887AFA1}.Ad-Hoc|x64.Deploy.0 = Debug|Any CPU
		{FAC10D84-FFA3-43B6-9101-DEC84887AFA1}.Ad-Hoc|x86.ActiveCfg = Debug|Any CPU
		{FAC10D84-FFA3-43B6-9101-DEC84887AFA1}.Ad-Hoc|x86.Build.0 = Debug|Any CPU
		{FAC10D84-FFA3-43B6-9101-DEC84887AFA1}.Ad-Hoc|x86.Deploy.0 = Debug|Any CPU
		{FAC10D84-FFA3-43B6-9101-DEC84887AFA1}.AppStore|Any CPU.ActiveCfg = Debug|Any CPU
		{FAC10D84-FFA3-43B6-9101-DEC84887AFA1}.AppStore|Any CPU.Build.0 = Debug|Any CPU
		{FAC10D84-FFA3-43B6-9101-DEC84887AFA1}.AppStore|Any CPU.Deploy.0 = Debug|Any CPU
		{FAC10D84-FFA3-43B6-9101-DEC84887AFA1}.AppStore|ARM.ActiveCfg = Debug|Any CPU
		{FAC10D84-FFA3-43B6-9101-DEC84887AFA1}.AppStore|ARM.Build.0 = Debug|Any CPU
		{FAC10D84-FFA3-43B6-9101-DEC84887AFA1}.AppStore|ARM.Deploy.0 = Debug|Any CPU
		{FAC10D84-FFA3-43B6-9101-DEC84887AFA1}.AppStore|iPhone.ActiveCfg = Debug|Any CPU
		{FAC10D84-FFA3-43B6-9101-DEC84887AFA1}.AppStore|iPhone.Build.0 = Debug|Any CPU
		{FAC10D84-FFA3-43B6-9101-DEC84887AFA1}.AppStore|iPhone.Deploy.0 = Debug|Any CPU
		{FAC10D84-FFA3-43B6-9101-DEC84887AFA1}.AppStore|iPhoneSimulator.ActiveCfg = Debug|Any CPU
		{FAC10D84-FFA3-43B6-9101-DEC84887AFA1}.AppStore|iPhoneSimulator.Build.0 = Debug|Any CPU
		{FAC10D84-FFA3-43B6-9101-DEC84887AFA1}.AppStore|iPhoneSimulator.Deploy.0 = Debug|Any CPU
		{FAC10D84-FFA3-43B6-9101-DEC84887AFA1}.AppStore|x64.ActiveCfg = Debug|Any CPU
		{FAC10D84-FFA3-43B6-9101-DEC84887AFA1}.AppStore|x64.Build.0 = Debug|Any CPU
		{FAC10D84-FFA3-43B6-9101-DEC84887AFA1}.AppStore|x64.Deploy.0 = Debug|Any CPU
		{FAC10D84-FFA3-43B6-9101-DEC84887AFA1}.AppStore|x86.ActiveCfg = Debug|Any CPU
		{FAC10D84-FFA3-43B6-9101-DEC84887AFA1}.AppStore|x86.Build.0 = Debug|Any CPU
		{FAC10D84-FFA3-43B6-9101-DEC84887AFA1}.AppStore|x86.Deploy.0 = Debug|Any CPU
		{FAC10D84-FFA3-43B6-9101-DEC84887AFA1}.Debug|Any CPU.ActiveCfg = Debug|Any CPU
		{FAC10D84-FFA3-43B6-9101-DEC84887AFA1}.Debug|Any CPU.Build.0 = Debug|Any CPU
		{FAC10D84-FFA3-43B6-9101-DEC84887AFA1}.Debug|Any CPU.Deploy.0 = Debug|Any CPU
		{FAC10D84-FFA3-43B6-9101-DEC84887AFA1}.Debug|ARM.ActiveCfg = Debug|Any CPU
		{FAC10D84-FFA3-43B6-9101-DEC84887AFA1}.Debug|ARM.Build.0 = Debug|Any CPU
		{FAC10D84-FFA3-43B6-9101-DEC84887AFA1}.Debug|ARM.Deploy.0 = Debug|Any CPU
		{FAC10D84-FFA3-43B6-9101-DEC84887AFA1}.Debug|iPhone.ActiveCfg = Debug|Any CPU
		{FAC10D84-FFA3-43B6-9101-DEC84887AFA1}.Debug|iPhone.Build.0 = Debug|Any CPU
		{FAC10D84-FFA3-43B6-9101-DEC84887AFA1}.Debug|iPhone.Deploy.0 = Debug|Any CPU
		{FAC10D84-FFA3-43B6-9101-DEC84887AFA1}.Debug|iPhoneSimulator.ActiveCfg = Debug|Any CPU
		{FAC10D84-FFA3-43B6-9101-DEC84887AFA1}.Debug|iPhoneSimulator.Build.0 = Debug|Any CPU
		{FAC10D84-FFA3-43B6-9101-DEC84887AFA1}.Debug|iPhoneSimulator.Deploy.0 = Debug|Any CPU
		{FAC10D84-FFA3-43B6-9101-DEC84887AFA1}.Debug|x64.ActiveCfg = Debug|Any CPU
		{FAC10D84-FFA3-43B6-9101-DEC84887AFA1}.Debug|x64.Build.0 = Debug|Any CPU
		{FAC10D84-FFA3-43B6-9101-DEC84887AFA1}.Debug|x64.Deploy.0 = Debug|Any CPU
		{FAC10D84-FFA3-43B6-9101-DEC84887AFA1}.Debug|x86.ActiveCfg = Debug|Any CPU
		{FAC10D84-FFA3-43B6-9101-DEC84887AFA1}.Debug|x86.Build.0 = Debug|Any CPU
		{FAC10D84-FFA3-43B6-9101-DEC84887AFA1}.Debug|x86.Deploy.0 = Debug|Any CPU
		{FAC10D84-FFA3-43B6-9101-DEC84887AFA1}.Release|Any CPU.ActiveCfg = Release|Any CPU
		{FAC10D84-FFA3-43B6-9101-DEC84887AFA1}.Release|Any CPU.Build.0 = Release|Any CPU
		{FAC10D84-FFA3-43B6-9101-DEC84887AFA1}.Release|Any CPU.Deploy.0 = Release|Any CPU
		{FAC10D84-FFA3-43B6-9101-DEC84887AFA1}.Release|ARM.ActiveCfg = Release|Any CPU
		{FAC10D84-FFA3-43B6-9101-DEC84887AFA1}.Release|ARM.Build.0 = Release|Any CPU
		{FAC10D84-FFA3-43B6-9101-DEC84887AFA1}.Release|ARM.Deploy.0 = Release|Any CPU
		{FAC10D84-FFA3-43B6-9101-DEC84887AFA1}.Release|iPhone.ActiveCfg = Release|Any CPU
		{FAC10D84-FFA3-43B6-9101-DEC84887AFA1}.Release|iPhone.Build.0 = Release|Any CPU
		{FAC10D84-FFA3-43B6-9101-DEC84887AFA1}.Release|iPhone.Deploy.0 = Release|Any CPU
		{FAC10D84-FFA3-43B6-9101-DEC84887AFA1}.Release|iPhoneSimulator.ActiveCfg = Release|Any CPU
		{FAC10D84-FFA3-43B6-9101-DEC84887AFA1}.Release|iPhoneSimulator.Build.0 = Release|Any CPU
		{FAC10D84-FFA3-43B6-9101-DEC84887AFA1}.Release|iPhoneSimulator.Deploy.0 = Release|Any CPU
		{FAC10D84-FFA3-43B6-9101-DEC84887AFA1}.Release|x64.ActiveCfg = Release|Any CPU
		{FAC10D84-FFA3-43B6-9101-DEC84887AFA1}.Release|x64.Build.0 = Release|Any CPU
		{FAC10D84-FFA3-43B6-9101-DEC84887AFA1}.Release|x64.Deploy.0 = Release|Any CPU
		{FAC10D84-FFA3-43B6-9101-DEC84887AFA1}.Release|x86.ActiveCfg = Release|Any CPU
		{FAC10D84-FFA3-43B6-9101-DEC84887AFA1}.Release|x86.Build.0 = Release|Any CPU
		{FAC10D84-FFA3-43B6-9101-DEC84887AFA1}.Release|x86.Deploy.0 = Release|Any CPU
	EndGlobalSection
	GlobalSection(SolutionProperties) = preSolution
		HideSolutionNode = FALSE
	EndGlobalSection
	GlobalSection(ExtensibilityGlobals) = postSolution
		SolutionGuid = {758801AF-FD52-48E0-B24A-4603D30DD7F3}
	EndGlobalSection
EndGlobal
